
Microsoft Visual Studio Solution File, Format Version 12.00
# Visual Studio Version 17
VisualStudioVersion = 17.14.36310.24 d17.14
MinimumVisualStudioVersion = 10.0.40219.1
Project("{FAE04EC0-301F-11D3-BF4B-00C04F79EFBC}") = "DevFreela.API", "DevFreela.API\DevFreela.API.csproj", "{F1F2CFF4-EA40-40B4-8278-20C3D9C8B2EE}"
EndProject
Project("{FAE04EC0-301F-11D3-BF4B-00C04F79EFBC}") = "DevFreela.Application", "DevFreela.Application\DevFreela.Application.csproj", "{9095D5C6-B09E-4F4A-9E0E-E685476265B2}"
EndProject
Project("{FAE04EC0-301F-11D3-BF4B-00C04F79EFBC}") = "DevFreela.Infrastructure", "DevFreela.Infrastructure\DevFreela.Infrastructure.csproj", "{684B2166-5F0C-42EC-BD49-A433590DC3C5}"
EndProject
Project("{FAE04EC0-301F-11D3-BF4B-00C04F79EFBC}") = "DevFreela.Core", "DevFreela.Core\DevFreela.Core.csproj", "{39BADDCD-39B4-43C1-89A0-D8F46D2BB3FE}"
EndProject
Global
	GlobalSection(SolutionConfigurationPlatforms) = preSolution
		Debug|Any CPU = Debug|Any CPU
		Release|Any CPU = Release|Any CPU
	EndGlobalSection
	GlobalSection(ProjectConfigurationPlatforms) = postSolution
		{F1F2CFF4-EA40-40B4-8278-20C3D9C8B2EE}.Debug|Any CPU.ActiveCfg = Debug|Any CPU
		{F1F2CFF4-EA40-40B4-8278-20C3D9C8B2EE}.Debug|Any CPU.Build.0 = Debug|Any CPU
		{F1F2CFF4-EA40-40B4-8278-20C3D9C8B2EE}.Release|Any CPU.ActiveCfg = Release|Any CPU
		{F1F2CFF4-EA40-40B4-8278-20C3D9C8B2EE}.Release|Any CPU.Build.0 = Release|Any CPU
		{9095D5C6-B09E-4F4A-9E0E-E685476265B2}.Debug|Any CPU.ActiveCfg = Debug|Any CPU
		{9095D5C6-B09E-4F4A-9E0E-E685476265B2}.Debug|Any CPU.Build.0 = Debug|Any CPU
		{9095D5C6-B09E-4F4A-9E0E-E685476265B2}.Release|Any CPU.ActiveCfg = Release|Any CPU
		{9095D5C6-B09E-4F4A-9E0E-E685476265B2}.Release|Any CPU.Build.0 = Release|Any CPU
		{684B2166-5F0C-42EC-BD49-A433590DC3C5}.Debug|Any CPU.ActiveCfg = Debug|Any CPU
		{684B2166-5F0C-42EC-BD49-A433590DC3C5}.Debug|Any CPU.Build.0 = Debug|Any CPU
		{684B2166-5F0C-42EC-BD49-A433590DC3C5}.Release|Any CPU.ActiveCfg = Release|Any CPU
		{684B2166-5F0C-42EC-BD49-A433590DC3C5}.Release|Any CPU.Build.0 = Release|Any CPU
		{39BADDCD-39B4-43C1-89A0-D8F46D2BB3FE}.Debug|Any CPU.ActiveCfg = Debug|Any CPU
		{39BADDCD-39B4-43C1-89A0-D8F46D2BB3FE}.Debug|Any CPU.Build.0 = Debug|Any CPU
		{39BADDCD-39B4-43C1-89A0-D8F46D2BB3FE}.Release|Any CPU.ActiveCfg = Release|Any CPU
		{39BADDCD-39B4-43C1-89A0-D8F46D2BB3FE}.Release|Any CPU.Build.0 = Release|Any CPU
	EndGlobalSection
	GlobalSection(SolutionProperties) = preSolution
		HideSolutionNode = FALSE
	EndGlobalSection
	GlobalSection(ExtensibilityGlobals) = postSolution
		SolutionGuid = {90F8F223-EB1C-4D88-96EF-97E19D693872}
	EndGlobalSection
EndGlobal
